
Microsoft Visual Studio Solution File, Format Version 12.00
# Visual Studio Version 17
VisualStudioVersion = 17.3.32811.315
MinimumVisualStudioVersion = 10.0.40219.1
Project("{FAE04EC0-301F-11D3-BF4B-00C04F79EFBC}") = "KCJ-TEST001", "KCJ-TEST001\KCJ-TEST001.csproj", "{00D30369-C77E-4996-BD3B-A160AD345BB9}"
EndProject
Global
	GlobalSection(SolutionConfigurationPlatforms) = preSolution
		Debug|Any CPU = Debug|Any CPU
		Release|Any CPU = Release|Any CPU
	EndGlobalSection
	GlobalSection(ProjectConfigurationPlatforms) = postSolution
		{00D30369-C77E-4996-BD3B-A160AD345BB9}.Debug|Any CPU.ActiveCfg = Debug|Any CPU
		{00D30369-C77E-4996-BD3B-A160AD345BB9}.Debug|Any CPU.Build.0 = Debug|Any CPU
		{00D30369-C77E-4996-BD3B-A160AD345BB9}.Release|Any CPU.ActiveCfg = Release|Any CPU
		{00D30369-C77E-4996-BD3B-A160AD345BB9}.Release|Any CPU.Build.0 = Release|Any CPU
	EndGlobalSection
	GlobalSection(SolutionProperties) = preSolution
		HideSolutionNode = FALSE
	EndGlobalSection
	GlobalSection(ExtensibilityGlobals) = postSolution
		SolutionGuid = {8CE19384-CF31-4FC6-9517-185D71680887}
	EndGlobalSection
EndGlobal
